
Microsoft Visual Studio Solution File, Format Version 12.00
# Visual Studio 14
VisualStudioVersion = 14.0.25420.1
MinimumVisualStudioVersion = 10.0.40219.1
Project("{FAE04EC0-301F-11D3-BF4B-00C04F79EFBC}") = "img_tagging", "img_tagging\img_tagging.csproj", "{EECE242B-8F3F-4EC0-9EAB-311C0A32A4F2}"
EndProject
Project("{FAE04EC0-301F-11D3-BF4B-00C04F79EFBC}") = "img_tagging_test", "img_tagging_test\img_tagging_test.csproj", "{C2644F61-EC6F-47A3-BC02-730BDDD9DE3B}"
EndProject
Global
	GlobalSection(SolutionConfigurationPlatforms) = preSolution
		Debug|Any CPU = Debug|Any CPU
		Release|Any CPU = Release|Any CPU
	EndGlobalSection
	GlobalSection(ProjectConfigurationPlatforms) = postSolution
		{EECE242B-8F3F-4EC0-9EAB-311C0A32A4F2}.Debug|Any CPU.ActiveCfg = Debug|Any CPU
		{EECE242B-8F3F-4EC0-9EAB-311C0A32A4F2}.Debug|Any CPU.Build.0 = Debug|Any CPU
		{EECE242B-8F3F-4EC0-9EAB-311C0A32A4F2}.Release|Any CPU.ActiveCfg = Release|Any CPU
		{EECE242B-8F3F-4EC0-9EAB-311C0A32A4F2}.Release|Any CPU.Build.0 = Release|Any CPU
		{C2644F61-EC6F-47A3-BC02-730BDDD9DE3B}.Debug|Any CPU.ActiveCfg = Debug|Any CPU
		{C2644F61-EC6F-47A3-BC02-730BDDD9DE3B}.Debug|Any CPU.Build.0 = Debug|Any CPU
		{C2644F61-EC6F-47A3-BC02-730BDDD9DE3B}.Release|Any CPU.ActiveCfg = Release|Any CPU
		{C2644F61-EC6F-47A3-BC02-730BDDD9DE3B}.Release|Any CPU.Build.0 = Release|Any CPU
	EndGlobalSection
	GlobalSection(SolutionProperties) = preSolution
		HideSolutionNode = FALSE
	EndGlobalSection
EndGlobal
